
Microsoft Visual Studio Solution File, Format Version 12.00
# Visual Studio Version 17
VisualStudioVersion = 17.3.32929.385
MinimumVisualStudioVersion = 10.0.40219.1
Project("{FAE04EC0-301F-11D3-BF4B-00C04F79EFBC}") = "il mio primo blog", "il mio primo blog.csproj", "{86F58810-CD71-4B26-83D3-1FDD1B4AEB05}"
EndProject
Global
	GlobalSection(SolutionConfigurationPlatforms) = preSolution
		Debug|Any CPU = Debug|Any CPU
		Release|Any CPU = Release|Any CPU
	EndGlobalSection
	GlobalSection(ProjectConfigurationPlatforms) = postSolution
		{86F58810-CD71-4B26-83D3-1FDD1B4AEB05}.Debug|Any CPU.ActiveCfg = Debug|Any CPU
		{86F58810-CD71-4B26-83D3-1FDD1B4AEB05}.Debug|Any CPU.Build.0 = Debug|Any CPU
		{86F58810-CD71-4B26-83D3-1FDD1B4AEB05}.Release|Any CPU.ActiveCfg = Release|Any CPU
		{86F58810-CD71-4B26-83D3-1FDD1B4AEB05}.Release|Any CPU.Build.0 = Release|Any CPU
	EndGlobalSection
	GlobalSection(SolutionProperties) = preSolution
		HideSolutionNode = FALSE
	EndGlobalSection
	GlobalSection(ExtensibilityGlobals) = postSolution
		SolutionGuid = {F2B29347-47BC-4005-BFCC-CA0BE1D4EFF9}
	EndGlobalSection
EndGlobal
